
Microsoft Visual Studio Solution File, Format Version 12.00
# Visual Studio Version 16
VisualStudioVersion = 16.0.31515.178
MinimumVisualStudioVersion = 10.0.40219.1
Project("{9A19103F-16F7-4668-BE54-9A1E7A4F7556}") = "01. World Tour", "01. World Tour\01. World Tour.csproj", "{BA1C358D-E0C0-4A13-AA65-D0D3134DC1FE}"
EndProject
Project("{FAE04EC0-301F-11D3-BF4B-00C04F79EFBC}") = "02. Destination Mapper", "02. Destination Mapper\02. Destination Mapper.csproj", "{C508E40D-CAB8-4489-9AAE-05C78C5F4E19}"
EndProject
Project("{FAE04EC0-301F-11D3-BF4B-00C04F79EFBC}") = "03. Plant Discovery", "03. Plant Discovery\03. Plant Discovery.csproj", "{72DC1BC9-3B3F-48B7-9D91-139833BE11D6}"
EndProject
Global
	GlobalSection(SolutionConfigurationPlatforms) = preSolution
		Debug|Any CPU = Debug|Any CPU
		Release|Any CPU = Release|Any CPU
	EndGlobalSection
	GlobalSection(ProjectConfigurationPlatforms) = postSolution
		{BA1C358D-E0C0-4A13-AA65-D0D3134DC1FE}.Debug|Any CPU.ActiveCfg = Debug|Any CPU
		{BA1C358D-E0C0-4A13-AA65-D0D3134DC1FE}.Debug|Any CPU.Build.0 = Debug|Any CPU
		{BA1C358D-E0C0-4A13-AA65-D0D3134DC1FE}.Release|Any CPU.ActiveCfg = Release|Any CPU
		{BA1C358D-E0C0-4A13-AA65-D0D3134DC1FE}.Release|Any CPU.Build.0 = Release|Any CPU
		{C508E40D-CAB8-4489-9AAE-05C78C5F4E19}.Debug|Any CPU.ActiveCfg = Debug|Any CPU
		{C508E40D-CAB8-4489-9AAE-05C78C5F4E19}.Debug|Any CPU.Build.0 = Debug|Any CPU
		{C508E40D-CAB8-4489-9AAE-05C78C5F4E19}.Release|Any CPU.ActiveCfg = Release|Any CPU
		{C508E40D-CAB8-4489-9AAE-05C78C5F4E19}.Release|Any CPU.Build.0 = Release|Any CPU
		{72DC1BC9-3B3F-48B7-9D91-139833BE11D6}.Debug|Any CPU.ActiveCfg = Debug|Any CPU
		{72DC1BC9-3B3F-48B7-9D91-139833BE11D6}.Debug|Any CPU.Build.0 = Debug|Any CPU
		{72DC1BC9-3B3F-48B7-9D91-139833BE11D6}.Release|Any CPU.ActiveCfg = Release|Any CPU
		{72DC1BC9-3B3F-48B7-9D91-139833BE11D6}.Release|Any CPU.Build.0 = Release|Any CPU
	EndGlobalSection
	GlobalSection(SolutionProperties) = preSolution
		HideSolutionNode = FALSE
	EndGlobalSection
	GlobalSection(ExtensibilityGlobals) = postSolution
		SolutionGuid = {D8D58256-1345-4C2F-A181-9963723EBAA9}
	EndGlobalSection
EndGlobal
