
Microsoft Visual Studio Solution File, Format Version 12.00
# Visual Studio Version 16
VisualStudioVersion = 16.0.31515.178
MinimumVisualStudioVersion = 10.0.40219.1
Project("{FAE04EC0-301F-11D3-BF4B-00C04F79EFBC}") = "01. MatchFullName", "01. MatchFullName\01. MatchFullName.csproj", "{9469AD68-DB52-400A-8DAB-9645B68A8E6D}"
EndProject
Project("{FAE04EC0-301F-11D3-BF4B-00C04F79EFBC}") = "02. Match Phone Number", "02. Match Phone Number\02. Match Phone Number.csproj", "{117C6205-C0F2-4018-8442-80B7E9996552}"
EndProject
Project("{FAE04EC0-301F-11D3-BF4B-00C04F79EFBC}") = "03. Match Dates", "03. Match Dates\03. Match Dates.csproj", "{001DA573-6861-4170-B711-21730DEBFDEA}"
EndProject
Global
	GlobalSection(SolutionConfigurationPlatforms) = preSolution
		Debug|Any CPU = Debug|Any CPU
		Release|Any CPU = Release|Any CPU
	EndGlobalSection
	GlobalSection(ProjectConfigurationPlatforms) = postSolution
		{9469AD68-DB52-400A-8DAB-9645B68A8E6D}.Debug|Any CPU.ActiveCfg = Debug|Any CPU
		{9469AD68-DB52-400A-8DAB-9645B68A8E6D}.Debug|Any CPU.Build.0 = Debug|Any CPU
		{9469AD68-DB52-400A-8DAB-9645B68A8E6D}.Release|Any CPU.ActiveCfg = Release|Any CPU
		{9469AD68-DB52-400A-8DAB-9645B68A8E6D}.Release|Any CPU.Build.0 = Release|Any CPU
		{117C6205-C0F2-4018-8442-80B7E9996552}.Debug|Any CPU.ActiveCfg = Debug|Any CPU
		{117C6205-C0F2-4018-8442-80B7E9996552}.Debug|Any CPU.Build.0 = Debug|Any CPU
		{117C6205-C0F2-4018-8442-80B7E9996552}.Release|Any CPU.ActiveCfg = Release|Any CPU
		{117C6205-C0F2-4018-8442-80B7E9996552}.Release|Any CPU.Build.0 = Release|Any CPU
		{001DA573-6861-4170-B711-21730DEBFDEA}.Debug|Any CPU.ActiveCfg = Debug|Any CPU
		{001DA573-6861-4170-B711-21730DEBFDEA}.Debug|Any CPU.Build.0 = Debug|Any CPU
		{001DA573-6861-4170-B711-21730DEBFDEA}.Release|Any CPU.ActiveCfg = Release|Any CPU
		{001DA573-6861-4170-B711-21730DEBFDEA}.Release|Any CPU.Build.0 = Release|Any CPU
	EndGlobalSection
	GlobalSection(SolutionProperties) = preSolution
		HideSolutionNode = FALSE
	EndGlobalSection
	GlobalSection(ExtensibilityGlobals) = postSolution
		SolutionGuid = {01E76ED9-57D7-4A60-B088-0264490B0AB8}
	EndGlobalSection
EndGlobal
