
Microsoft Visual Studio Solution File, Format Version 12.00
# Visual Studio Version 16
VisualStudioVersion = 16.0.32002.261
MinimumVisualStudioVersion = 10.0.40219.1
Project("{9A19103F-16F7-4668-BE54-9A1E7A4F7556}") = "01.Blacksmith", "problem1\01.Blacksmith.csproj", "{091475B5-D568-474C-B0CA-49AD01586D35}"
EndProject
Project("{9A19103F-16F7-4668-BE54-9A1E7A4F7556}") = "02.Armory", "02.Armory\02.Armory.csproj", "{92AE22A9-D2C5-4163-9CAE-846EB5F49A64}"
EndProject
Global
	GlobalSection(SolutionConfigurationPlatforms) = preSolution
		Debug|Any CPU = Debug|Any CPU
		Release|Any CPU = Release|Any CPU
	EndGlobalSection
	GlobalSection(ProjectConfigurationPlatforms) = postSolution
		{091475B5-D568-474C-B0CA-49AD01586D35}.Debug|Any CPU.ActiveCfg = Debug|Any CPU
		{091475B5-D568-474C-B0CA-49AD01586D35}.Debug|Any CPU.Build.0 = Debug|Any CPU
		{091475B5-D568-474C-B0CA-49AD01586D35}.Release|Any CPU.ActiveCfg = Release|Any CPU
		{091475B5-D568-474C-B0CA-49AD01586D35}.Release|Any CPU.Build.0 = Release|Any CPU
		{92AE22A9-D2C5-4163-9CAE-846EB5F49A64}.Debug|Any CPU.ActiveCfg = Debug|Any CPU
		{92AE22A9-D2C5-4163-9CAE-846EB5F49A64}.Debug|Any CPU.Build.0 = Debug|Any CPU
		{92AE22A9-D2C5-4163-9CAE-846EB5F49A64}.Release|Any CPU.ActiveCfg = Release|Any CPU
		{92AE22A9-D2C5-4163-9CAE-846EB5F49A64}.Release|Any CPU.Build.0 = Release|Any CPU
	EndGlobalSection
	GlobalSection(SolutionProperties) = preSolution
		HideSolutionNode = FALSE
	EndGlobalSection
	GlobalSection(ExtensibilityGlobals) = postSolution
		SolutionGuid = {244A3B03-3E4C-4792-9E84-9FF9428CF589}
	EndGlobalSection
EndGlobal
