
Microsoft Visual Studio Solution File, Format Version 12.00
# Visual Studio Version 16
VisualStudioVersion = 16.0.31729.503
MinimumVisualStudioVersion = 10.0.40219.1
Project("{FAE04EC0-301F-11D3-BF4B-00C04F79EFBC}") = "classBoxData", "classBoxData\classBoxData.csproj", "{156A6F0C-74A2-4A08-8342-258F59093779}"
EndProject
Global
	GlobalSection(SolutionConfigurationPlatforms) = preSolution
		Debug|Any CPU = Debug|Any CPU
		Release|Any CPU = Release|Any CPU
	EndGlobalSection
	GlobalSection(ProjectConfigurationPlatforms) = postSolution
		{156A6F0C-74A2-4A08-8342-258F59093779}.Debug|Any CPU.ActiveCfg = Debug|Any CPU
		{156A6F0C-74A2-4A08-8342-258F59093779}.Debug|Any CPU.Build.0 = Debug|Any CPU
		{156A6F0C-74A2-4A08-8342-258F59093779}.Release|Any CPU.ActiveCfg = Release|Any CPU
		{156A6F0C-74A2-4A08-8342-258F59093779}.Release|Any CPU.Build.0 = Release|Any CPU
	EndGlobalSection
	GlobalSection(SolutionProperties) = preSolution
		HideSolutionNode = FALSE
	EndGlobalSection
	GlobalSection(ExtensibilityGlobals) = postSolution
		SolutionGuid = {CFBD5DC3-DD4A-49F6-839B-96F405361995}
	EndGlobalSection
EndGlobal
