
Microsoft Visual Studio Solution File, Format Version 12.00
# Visual Studio Version 16
VisualStudioVersion = 16.0.31729.503
MinimumVisualStudioVersion = 10.0.40219.1
Project("{9A19103F-16F7-4668-BE54-9A1E7A4F7556}") = "BakeryOpenning", "BakeryOpenning.csproj", "{EEABA5A3-EEC7-43DC-9C3B-AD4991AD156F}"
EndProject
Global
	GlobalSection(SolutionConfigurationPlatforms) = preSolution
		Debug|Any CPU = Debug|Any CPU
		Release|Any CPU = Release|Any CPU
	EndGlobalSection
	GlobalSection(ProjectConfigurationPlatforms) = postSolution
		{EEABA5A3-EEC7-43DC-9C3B-AD4991AD156F}.Debug|Any CPU.ActiveCfg = Debug|Any CPU
		{EEABA5A3-EEC7-43DC-9C3B-AD4991AD156F}.Debug|Any CPU.Build.0 = Debug|Any CPU
		{EEABA5A3-EEC7-43DC-9C3B-AD4991AD156F}.Release|Any CPU.ActiveCfg = Release|Any CPU
		{EEABA5A3-EEC7-43DC-9C3B-AD4991AD156F}.Release|Any CPU.Build.0 = Release|Any CPU
	EndGlobalSection
	GlobalSection(SolutionProperties) = preSolution
		HideSolutionNode = FALSE
	EndGlobalSection
	GlobalSection(ExtensibilityGlobals) = postSolution
		SolutionGuid = {66DBB901-DA5B-48CE-A6FA-347BA58FC1A3}
	EndGlobalSection
EndGlobal
