
Microsoft Visual Studio Solution File, Format Version 12.00
# Visual Studio Version 16
VisualStudioVersion = 16.0.31729.503
MinimumVisualStudioVersion = 10.0.40219.1
Project("{9A19103F-16F7-4668-BE54-9A1E7A4F7556}") = "01. FoodFinder", "Problem1\01. FoodFinder.csproj", "{0F6E220B-FDDA-424E-8631-06059118E27C}"
EndProject
Project("{9A19103F-16F7-4668-BE54-9A1E7A4F7556}") = "02. PawnWars", "02. PawnWars\02. PawnWars.csproj", "{D912249A-828C-46C0-B774-95FC539E282B}"
EndProject
Project("{9A19103F-16F7-4668-BE54-9A1E7A4F7556}") = "StockMarket", "..\..\..\Desktop\Skeleton\StockMarket\StockMarket.csproj", "{3D5E494D-2F58-44EA-B290-27CFFABE3BA5}"
EndProject
Global
	GlobalSection(SolutionConfigurationPlatforms) = preSolution
		Debug|Any CPU = Debug|Any CPU
		Release|Any CPU = Release|Any CPU
	EndGlobalSection
	GlobalSection(ProjectConfigurationPlatforms) = postSolution
		{0F6E220B-FDDA-424E-8631-06059118E27C}.Debug|Any CPU.ActiveCfg = Debug|Any CPU
		{0F6E220B-FDDA-424E-8631-06059118E27C}.Debug|Any CPU.Build.0 = Debug|Any CPU
		{0F6E220B-FDDA-424E-8631-06059118E27C}.Release|Any CPU.ActiveCfg = Release|Any CPU
		{0F6E220B-FDDA-424E-8631-06059118E27C}.Release|Any CPU.Build.0 = Release|Any CPU
		{D912249A-828C-46C0-B774-95FC539E282B}.Debug|Any CPU.ActiveCfg = Debug|Any CPU
		{D912249A-828C-46C0-B774-95FC539E282B}.Debug|Any CPU.Build.0 = Debug|Any CPU
		{D912249A-828C-46C0-B774-95FC539E282B}.Release|Any CPU.ActiveCfg = Release|Any CPU
		{D912249A-828C-46C0-B774-95FC539E282B}.Release|Any CPU.Build.0 = Release|Any CPU
		{3D5E494D-2F58-44EA-B290-27CFFABE3BA5}.Debug|Any CPU.ActiveCfg = Debug|Any CPU
		{3D5E494D-2F58-44EA-B290-27CFFABE3BA5}.Debug|Any CPU.Build.0 = Debug|Any CPU
		{3D5E494D-2F58-44EA-B290-27CFFABE3BA5}.Release|Any CPU.ActiveCfg = Release|Any CPU
		{3D5E494D-2F58-44EA-B290-27CFFABE3BA5}.Release|Any CPU.Build.0 = Release|Any CPU
	EndGlobalSection
	GlobalSection(SolutionProperties) = preSolution
		HideSolutionNode = FALSE
	EndGlobalSection
	GlobalSection(ExtensibilityGlobals) = postSolution
		SolutionGuid = {B01C323E-8B5F-4593-B58E-920057B92C4A}
	EndGlobalSection
EndGlobal
