
Microsoft Visual Studio Solution File, Format Version 12.00
# Visual Studio Version 16
VisualStudioVersion = 16.0.31613.86
MinimumVisualStudioVersion = 10.0.40219.1
Project("{9A19103F-16F7-4668-BE54-9A1E7A4F7556}") = "01. defineAClassPerson", "01. defineAClassPerson\01. defineAClassPerson.csproj", "{AF410FE8-FE38-4C20-B243-9DA6817E2055}"
EndProject
Project("{9A19103F-16F7-4668-BE54-9A1E7A4F7556}") = "02. creatingConstructors", "02. creatingConstructors\02. creatingConstructors.csproj", "{2AD6CE31-1D94-49CE-B089-FC58FF1AEB5F}"
EndProject
Project("{FAE04EC0-301F-11D3-BF4B-00C04F79EFBC}") = "03. oldestFamilyMember", "03. oldestFamilyMember\03. oldestFamilyMember.csproj", "{85849FB8-27BD-4551-8555-D169F01B0D31}"
EndProject
Global
	GlobalSection(SolutionConfigurationPlatforms) = preSolution
		Debug|Any CPU = Debug|Any CPU
		Release|Any CPU = Release|Any CPU
	EndGlobalSection
	GlobalSection(ProjectConfigurationPlatforms) = postSolution
		{AF410FE8-FE38-4C20-B243-9DA6817E2055}.Debug|Any CPU.ActiveCfg = Debug|Any CPU
		{AF410FE8-FE38-4C20-B243-9DA6817E2055}.Debug|Any CPU.Build.0 = Debug|Any CPU
		{AF410FE8-FE38-4C20-B243-9DA6817E2055}.Release|Any CPU.ActiveCfg = Release|Any CPU
		{AF410FE8-FE38-4C20-B243-9DA6817E2055}.Release|Any CPU.Build.0 = Release|Any CPU
		{2AD6CE31-1D94-49CE-B089-FC58FF1AEB5F}.Debug|Any CPU.ActiveCfg = Debug|Any CPU
		{2AD6CE31-1D94-49CE-B089-FC58FF1AEB5F}.Debug|Any CPU.Build.0 = Debug|Any CPU
		{2AD6CE31-1D94-49CE-B089-FC58FF1AEB5F}.Release|Any CPU.ActiveCfg = Release|Any CPU
		{2AD6CE31-1D94-49CE-B089-FC58FF1AEB5F}.Release|Any CPU.Build.0 = Release|Any CPU
		{85849FB8-27BD-4551-8555-D169F01B0D31}.Debug|Any CPU.ActiveCfg = Debug|Any CPU
		{85849FB8-27BD-4551-8555-D169F01B0D31}.Debug|Any CPU.Build.0 = Debug|Any CPU
		{85849FB8-27BD-4551-8555-D169F01B0D31}.Release|Any CPU.ActiveCfg = Release|Any CPU
		{85849FB8-27BD-4551-8555-D169F01B0D31}.Release|Any CPU.Build.0 = Release|Any CPU
	EndGlobalSection
	GlobalSection(SolutionProperties) = preSolution
		HideSolutionNode = FALSE
	EndGlobalSection
	GlobalSection(ExtensibilityGlobals) = postSolution
		SolutionGuid = {0E728721-3A1B-4B46-A858-514F33553182}
	EndGlobalSection
EndGlobal
