
Microsoft Visual Studio Solution File, Format Version 12.00
# Visual Studio Version 16
VisualStudioVersion = 16.0.31613.86
MinimumVisualStudioVersion = 10.0.40219.1
Project("{FAE04EC0-301F-11D3-BF4B-00C04F79EFBC}") = "BoxOfT", "01. box\BoxOfT.csproj", "{9F92AEC9-CC66-438D-BAF1-8C24E4656B33}"
EndProject
Project("{FAE04EC0-301F-11D3-BF4B-00C04F79EFBC}") = "GenericArrayCreator", "GenericArrayCreator\GenericArrayCreator.csproj", "{7AA34825-DF7D-4D91-8E93-E5BADAF8F8EA}"
EndProject
Project("{FAE04EC0-301F-11D3-BF4B-00C04F79EFBC}") = "GenericScale", "GenericScale\GenericScale.csproj", "{9C734D1B-4584-4F03-B2FD-79DDBBDE48E2}"
EndProject
Global
	GlobalSection(SolutionConfigurationPlatforms) = preSolution
		Debug|Any CPU = Debug|Any CPU
		Release|Any CPU = Release|Any CPU
	EndGlobalSection
	GlobalSection(ProjectConfigurationPlatforms) = postSolution
		{9F92AEC9-CC66-438D-BAF1-8C24E4656B33}.Debug|Any CPU.ActiveCfg = Debug|Any CPU
		{9F92AEC9-CC66-438D-BAF1-8C24E4656B33}.Debug|Any CPU.Build.0 = Debug|Any CPU
		{9F92AEC9-CC66-438D-BAF1-8C24E4656B33}.Release|Any CPU.ActiveCfg = Release|Any CPU
		{9F92AEC9-CC66-438D-BAF1-8C24E4656B33}.Release|Any CPU.Build.0 = Release|Any CPU
		{7AA34825-DF7D-4D91-8E93-E5BADAF8F8EA}.Debug|Any CPU.ActiveCfg = Debug|Any CPU
		{7AA34825-DF7D-4D91-8E93-E5BADAF8F8EA}.Debug|Any CPU.Build.0 = Debug|Any CPU
		{7AA34825-DF7D-4D91-8E93-E5BADAF8F8EA}.Release|Any CPU.ActiveCfg = Release|Any CPU
		{7AA34825-DF7D-4D91-8E93-E5BADAF8F8EA}.Release|Any CPU.Build.0 = Release|Any CPU
		{9C734D1B-4584-4F03-B2FD-79DDBBDE48E2}.Debug|Any CPU.ActiveCfg = Debug|Any CPU
		{9C734D1B-4584-4F03-B2FD-79DDBBDE48E2}.Debug|Any CPU.Build.0 = Debug|Any CPU
		{9C734D1B-4584-4F03-B2FD-79DDBBDE48E2}.Release|Any CPU.ActiveCfg = Release|Any CPU
		{9C734D1B-4584-4F03-B2FD-79DDBBDE48E2}.Release|Any CPU.Build.0 = Release|Any CPU
	EndGlobalSection
	GlobalSection(SolutionProperties) = preSolution
		HideSolutionNode = FALSE
	EndGlobalSection
	GlobalSection(ExtensibilityGlobals) = postSolution
		SolutionGuid = {701C911E-4CF5-4E3F-AD9E-73C01A1B03C6}
	EndGlobalSection
EndGlobal
